// !$*UTF8*$!
{
	archiveVersion = 1;
	classes = {
	};
	objectVersion = 55;
	objects = {

/* Begin PBXBuildFile section */
		0CD6673C492E55EE4FAE726E /* ListNode.swift in Sources */ = {isa = PBXBuildFile; fileRef = 8F80AA1E9389CAB10E3B4723 /* ListNode.swift */; };
		0CDC33E2B39B9C541B27AF00 /* TableRowNode.swift in Sources */ = {isa = PBXBuildFile; fileRef = 50DE5D9E6CE8494D0F7B9C85 /* TableRowNode.swift */; };
		10498BCD9B232D6BB2DD399E /* ListItemNode.swift in Sources */ = {isa = PBXBuildFile; fileRef = 5FEDAFA6CE2BAE833A8BBDE5 /* ListItemNode.swift */; };
		115B0E705251F556B99E6AF0 /* TableCellNode.swift in Sources */ = {isa = PBXBuildFile; fileRef = 02DC8553417083D47D06195D /* TableCellNode.swift */; };
		133A646C42A920B935CB4B30 /* CircleHeaderNode.swift in Sources */ = {isa = PBXBuildFile; fileRef = 798C89673E48E6B9E3DB5840 /* CircleHeaderNode.swift */; };
		135CCEA5E162F4D6BA7E250C /* FootnoteDefinitionNode.swift in Sources */ = {isa = PBXBuildFile; fileRef = B75FD29FD9B5C8E7615D6CD7 /* FootnoteDefinitionNode.swift */; };
		265A1C8491474D17CA255CB9 /* WrapperCellNode.swift in Sources */ = {isa = PBXBuildFile; fileRef = EB04B51133AA39D3FF52E6F0 /* WrapperCellNode.swift */; };
		325869ADCC9CA04656D79A15 /* Block+TexturedMaaku.swift in Sources */ = {isa = PBXBuildFile; fileRef = DC2CD9497A97CF5790E11CC6 /* Block+TexturedMaaku.swift */; };
		33B4FEA0B1EB9F7C6FF4F0B1 /* TableAlignment+TexturedMaaku.swift in Sources */ = {isa = PBXBuildFile; fileRef = 92A1F58DABF7BF5D5DA5E23A /* TableAlignment+TexturedMaaku.swift */; };
		36170FB794EC3748CC3B80F9 /* NodePlugin.swift in Sources */ = {isa = PBXBuildFile; fileRef = F024AFCFD68D6061803150F8 /* NodePlugin.swift */; };
		421493113C747B1B3D8A997A /* AsyncDisplayKit.framework in Frameworks */ = {isa = PBXBuildFile; fileRef = 172DE6666AAFABDD6299414B /* AsyncDisplayKit.framework */; };
		4C48BE286D41266B38DB38A6 /* Maaku.framework in Frameworks */ = {isa = PBXBuildFile; fileRef = 1227755819D647656171AE1A /* Maaku.framework */; };
		70537BC4E3E6F0EC8D85FEED /* Collection+TexturedMaaku.swift in Sources */ = {isa = PBXBuildFile; fileRef = 1F9448B2F44E7B312AF31A8A /* Collection+TexturedMaaku.swift */; };
		779BCE83621219F35B4A2594 /* DocumentViewController.swift in Sources */ = {isa = PBXBuildFile; fileRef = 90BB3B507FE793CBB7B8CD8A /* DocumentViewController.swift */; };
		78FEC16625BFF9BA404EE73F /* TableNode.swift in Sources */ = {isa = PBXBuildFile; fileRef = 667BCA52566ED236CD9214C8 /* TableNode.swift */; };
		8FCA9995A9F49D2B1EFE2E58 /* String+TexturedMaaku.swift in Sources */ = {isa = PBXBuildFile; fileRef = 68909CCA074EA62A3991C541 /* String+TexturedMaaku.swift */; };
		9343759FED8CFD7B64FD2644 /* DocumentStyle.swift in Sources */ = {isa = PBXBuildFile; fileRef = 584D4A87DD6907869AA2E034 /* DocumentStyle.swift */; };
		AA8BB93F7DD500B3EF3F958E /* HorizontalRuleNode.swift in Sources */ = {isa = PBXBuildFile; fileRef = 4459B4E225DE0847859765BC /* HorizontalRuleNode.swift */; };
		AEA3B8B4CCBC6956ECE218F6 /* BlockQuoteNode.swift in Sources */ = {isa = PBXBuildFile; fileRef = EAB52381AB6C38B91A4CBD8E /* BlockQuoteNode.swift */; };
		B40C8E5662FFF011C797274D /* CodeBlockNode.swift in Sources */ = {isa = PBXBuildFile; fileRef = C4C8F1FF6286508A23ABAD5E /* CodeBlockNode.swift */; };
		B496CB12808A81A84C02EEC1 /* libcmark_gfm.framework in Frameworks */ = {isa = PBXBuildFile; fileRef = 07554A3D62C11518A36BC2B6 /* libcmark_gfm.framework */; };
		C564D7CAC40BB29AD349AC63 /* Heading+TexturedMaaku.swift in Sources */ = {isa = PBXBuildFile; fileRef = 3ECB4E7438A7CAA56F1B4DC1 /* Heading+TexturedMaaku.swift */; };
		C9E6C86067DAD6D32199199E /* ParagraphNode.swift in Sources */ = {isa = PBXBuildFile; fileRef = E77CD5595C72CE0791360DBD /* ParagraphNode.swift */; };
		D4350E845F45B2B1D5D3A44E /* Linkable.swift in Sources */ = {isa = PBXBuildFile; fileRef = B8B4E41225CECEE21FB47B95 /* Linkable.swift */; };
		EF76A704478D132D7CA25E61 /* HeadingNode.swift in Sources */ = {isa = PBXBuildFile; fileRef = 13F6805193348B180A63F62E /* HeadingNode.swift */; };
		F19033C450210B13D938CB74 /* DocumentNode.swift in Sources */ = {isa = PBXBuildFile; fileRef = B083B00A518909F928B46D1C /* DocumentNode.swift */; };
/* End PBXBuildFile section */

/* Begin PBXCopyFilesBuildPhase section */
		B5E830AF925C833E34F050D5 /* Embed Frameworks */ = {
			isa = PBXCopyFilesBuildPhase;
			buildActionMask = 2147483647;
			dstPath = "";
			dstSubfolderSpec = 10;
			files = (
			);
			name = "Embed Frameworks";
			runOnlyForDeploymentPostprocessing = 0;
		};
/* End PBXCopyFilesBuildPhase section */

/* Begin PBXFileReference section */
		02DC8553417083D47D06195D /* TableCellNode.swift */ = {isa = PBXFileReference; lastKnownFileType = sourcecode.swift; path = TableCellNode.swift; sourceTree = "<group>"; };
		07554A3D62C11518A36BC2B6 /* libcmark_gfm.framework */ = {isa = PBXFileReference; explicitFileType = wrapper.framework; includeInIndex = 0; path = libcmark_gfm.framework; sourceTree = BUILT_PRODUCTS_DIR; };
		1227755819D647656171AE1A /* Maaku.framework */ = {isa = PBXFileReference; explicitFileType = wrapper.framework; includeInIndex = 0; path = Maaku.framework; sourceTree = BUILT_PRODUCTS_DIR; };
		13F6805193348B180A63F62E /* HeadingNode.swift */ = {isa = PBXFileReference; lastKnownFileType = sourcecode.swift; path = HeadingNode.swift; sourceTree = "<group>"; };
		172DE6666AAFABDD6299414B /* AsyncDisplayKit.framework */ = {isa = PBXFileReference; explicitFileType = wrapper.framework; includeInIndex = 0; path = AsyncDisplayKit.framework; sourceTree = BUILT_PRODUCTS_DIR; };
		1F9448B2F44E7B312AF31A8A /* Collection+TexturedMaaku.swift */ = {isa = PBXFileReference; lastKnownFileType = sourcecode.swift; path = "Collection+TexturedMaaku.swift"; sourceTree = "<group>"; };
		3200816BEBD8D706AACC3830 /* TexturedMaaku-Info.plist */ = {isa = PBXFileReference; lastKnownFileType = text.plist; path = "TexturedMaaku-Info.plist"; sourceTree = "<group>"; };
		3ECB4E7438A7CAA56F1B4DC1 /* Heading+TexturedMaaku.swift */ = {isa = PBXFileReference; lastKnownFileType = sourcecode.swift; path = "Heading+TexturedMaaku.swift"; sourceTree = "<group>"; };
		4459B4E225DE0847859765BC /* HorizontalRuleNode.swift */ = {isa = PBXFileReference; lastKnownFileType = sourcecode.swift; path = HorizontalRuleNode.swift; sourceTree = "<group>"; };
		50DE5D9E6CE8494D0F7B9C85 /* TableRowNode.swift */ = {isa = PBXFileReference; lastKnownFileType = sourcecode.swift; path = TableRowNode.swift; sourceTree = "<group>"; };
		584D4A87DD6907869AA2E034 /* DocumentStyle.swift */ = {isa = PBXFileReference; lastKnownFileType = sourcecode.swift; path = DocumentStyle.swift; sourceTree = "<group>"; };
		5FEDAFA6CE2BAE833A8BBDE5 /* ListItemNode.swift */ = {isa = PBXFileReference; lastKnownFileType = sourcecode.swift; path = ListItemNode.swift; sourceTree = "<group>"; };
		667BCA52566ED236CD9214C8 /* TableNode.swift */ = {isa = PBXFileReference; lastKnownFileType = sourcecode.swift; path = TableNode.swift; sourceTree = "<group>"; };
		6686BA0D04C5E4A4A7B84006 /* TexturedMaaku.framework */ = {isa = PBXFileReference; explicitFileType = wrapper.framework; includeInIndex = 0; path = TexturedMaaku.framework; sourceTree = BUILT_PRODUCTS_DIR; };
		68909CCA074EA62A3991C541 /* String+TexturedMaaku.swift */ = {isa = PBXFileReference; lastKnownFileType = sourcecode.swift; path = "String+TexturedMaaku.swift"; sourceTree = "<group>"; };
		798C89673E48E6B9E3DB5840 /* CircleHeaderNode.swift */ = {isa = PBXFileReference; lastKnownFileType = sourcecode.swift; path = CircleHeaderNode.swift; sourceTree = "<group>"; };
		8F80AA1E9389CAB10E3B4723 /* ListNode.swift */ = {isa = PBXFileReference; lastKnownFileType = sourcecode.swift; path = ListNode.swift; sourceTree = "<group>"; };
		90BB3B507FE793CBB7B8CD8A /* DocumentViewController.swift */ = {isa = PBXFileReference; lastKnownFileType = sourcecode.swift; path = DocumentViewController.swift; sourceTree = "<group>"; };
		92A1F58DABF7BF5D5DA5E23A /* TableAlignment+TexturedMaaku.swift */ = {isa = PBXFileReference; lastKnownFileType = sourcecode.swift; path = "TableAlignment+TexturedMaaku.swift"; sourceTree = "<group>"; };
		B083B00A518909F928B46D1C /* DocumentNode.swift */ = {isa = PBXFileReference; lastKnownFileType = sourcecode.swift; path = DocumentNode.swift; sourceTree = "<group>"; };
		B75FD29FD9B5C8E7615D6CD7 /* FootnoteDefinitionNode.swift */ = {isa = PBXFileReference; lastKnownFileType = sourcecode.swift; path = FootnoteDefinitionNode.swift; sourceTree = "<group>"; };
		B8B4E41225CECEE21FB47B95 /* Linkable.swift */ = {isa = PBXFileReference; lastKnownFileType = sourcecode.swift; path = Linkable.swift; sourceTree = "<group>"; };
		C4C8F1FF6286508A23ABAD5E /* CodeBlockNode.swift */ = {isa = PBXFileReference; lastKnownFileType = sourcecode.swift; path = CodeBlockNode.swift; sourceTree = "<group>"; };
		DC2CD9497A97CF5790E11CC6 /* Block+TexturedMaaku.swift */ = {isa = PBXFileReference; lastKnownFileType = sourcecode.swift; path = "Block+TexturedMaaku.swift"; sourceTree = "<group>"; };
		E77CD5595C72CE0791360DBD /* ParagraphNode.swift */ = {isa = PBXFileReference; lastKnownFileType = sourcecode.swift; path = ParagraphNode.swift; sourceTree = "<group>"; };
		EAB52381AB6C38B91A4CBD8E /* BlockQuoteNode.swift */ = {isa = PBXFileReference; lastKnownFileType = sourcecode.swift; path = BlockQuoteNode.swift; sourceTree = "<group>"; };
		EB04B51133AA39D3FF52E6F0 /* WrapperCellNode.swift */ = {isa = PBXFileReference; lastKnownFileType = sourcecode.swift; path = WrapperCellNode.swift; sourceTree = "<group>"; };
		F024AFCFD68D6061803150F8 /* NodePlugin.swift */ = {isa = PBXFileReference; lastKnownFileType = sourcecode.swift; path = NodePlugin.swift; sourceTree = "<group>"; };
/* End PBXFileReference section */

/* Begin PBXFrameworksBuildPhase section */
		C2DC3CB337A2A3F6C9C8C7BC /* Frameworks */ = {
			isa = PBXFrameworksBuildPhase;
			buildActionMask = 2147483647;
			files = (
				421493113C747B1B3D8A997A /* AsyncDisplayKit.framework in Frameworks */,
				4C48BE286D41266B38DB38A6 /* Maaku.framework in Frameworks */,
				B496CB12808A81A84C02EEC1 /* libcmark_gfm.framework in Frameworks */,
			);
			runOnlyForDeploymentPostprocessing = 0;
		};
/* End PBXFrameworksBuildPhase section */

/* Begin PBXGroup section */
		1F9A8F4AC1715C6300895C9D /* InfoPlists */ = {
			isa = PBXGroup;
			children = (
				3200816BEBD8D706AACC3830 /* TexturedMaaku-Info.plist */,
			);
			path = InfoPlists;
			sourceTree = "<group>";
		};
		32D2234E5517BF67C1238D97 /* ViewControllers */ = {
			isa = PBXGroup;
			children = (
				90BB3B507FE793CBB7B8CD8A /* DocumentViewController.swift */,
			);
			path = ViewControllers;
			sourceTree = "<group>";
		};
		3F74E2188D3E4D1FBDBAE169 /* Sources */ = {
			isa = PBXGroup;
			children = (
				CE9502FF073E6B14756B0C0D /* TexturedMaaku */,
			);
			path = Sources;
			sourceTree = "<group>";
		};
		657AE83311564723C6259F57 /* Derived */ = {
			isa = PBXGroup;
			children = (
				1F9A8F4AC1715C6300895C9D /* InfoPlists */,
			);
			path = Derived;
			sourceTree = "<group>";
		};
		80FB666B406B1A2970625D9A = {
			isa = PBXGroup;
			children = (
				844B24796E8205E3A35DB5F6 /* Project */,
				A63A879433AA8F377B2B405F /* Products */,
			);
			sourceTree = "<group>";
		};
		844B24796E8205E3A35DB5F6 /* Project */ = {
			isa = PBXGroup;
			children = (
				657AE83311564723C6259F57 /* Derived */,
				3F74E2188D3E4D1FBDBAE169 /* Sources */,
			);
			name = Project;
			sourceTree = "<group>";
		};
		8ED0BCD8FCE183394AF8FADA /* Core */ = {
			isa = PBXGroup;
			children = (
				E9E5A6FD4570C2383E96068A /* Extensions */,
				FEFF9E8ACC08CA7BBA39013D /* Nodes */,
				32D2234E5517BF67C1238D97 /* ViewControllers */,
				584D4A87DD6907869AA2E034 /* DocumentStyle.swift */,
				B8B4E41225CECEE21FB47B95 /* Linkable.swift */,
				F024AFCFD68D6061803150F8 /* NodePlugin.swift */,
			);
			path = Core;
			sourceTree = "<group>";
		};
		A63A879433AA8F377B2B405F /* Products */ = {
			isa = PBXGroup;
			children = (
				172DE6666AAFABDD6299414B /* AsyncDisplayKit.framework */,
				07554A3D62C11518A36BC2B6 /* libcmark_gfm.framework */,
				1227755819D647656171AE1A /* Maaku.framework */,
				6686BA0D04C5E4A4A7B84006 /* TexturedMaaku.framework */,
			);
			name = Products;
			sourceTree = "<group>";
		};
		CE9502FF073E6B14756B0C0D /* TexturedMaaku */ = {
			isa = PBXGroup;
			children = (
				8ED0BCD8FCE183394AF8FADA /* Core */,
			);
			path = TexturedMaaku;
			sourceTree = "<group>";
		};
		E9E5A6FD4570C2383E96068A /* Extensions */ = {
			isa = PBXGroup;
			children = (
				DC2CD9497A97CF5790E11CC6 /* Block+TexturedMaaku.swift */,
				1F9448B2F44E7B312AF31A8A /* Collection+TexturedMaaku.swift */,
				3ECB4E7438A7CAA56F1B4DC1 /* Heading+TexturedMaaku.swift */,
				68909CCA074EA62A3991C541 /* String+TexturedMaaku.swift */,
				92A1F58DABF7BF5D5DA5E23A /* TableAlignment+TexturedMaaku.swift */,
			);
			path = Extensions;
			sourceTree = "<group>";
		};
		FEFF9E8ACC08CA7BBA39013D /* Nodes */ = {
			isa = PBXGroup;
			children = (
				EAB52381AB6C38B91A4CBD8E /* BlockQuoteNode.swift */,
				798C89673E48E6B9E3DB5840 /* CircleHeaderNode.swift */,
				C4C8F1FF6286508A23ABAD5E /* CodeBlockNode.swift */,
				B083B00A518909F928B46D1C /* DocumentNode.swift */,
				B75FD29FD9B5C8E7615D6CD7 /* FootnoteDefinitionNode.swift */,
				13F6805193348B180A63F62E /* HeadingNode.swift */,
				4459B4E225DE0847859765BC /* HorizontalRuleNode.swift */,
				5FEDAFA6CE2BAE833A8BBDE5 /* ListItemNode.swift */,
				8F80AA1E9389CAB10E3B4723 /* ListNode.swift */,
				E77CD5595C72CE0791360DBD /* ParagraphNode.swift */,
				02DC8553417083D47D06195D /* TableCellNode.swift */,
				667BCA52566ED236CD9214C8 /* TableNode.swift */,
				50DE5D9E6CE8494D0F7B9C85 /* TableRowNode.swift */,
				EB04B51133AA39D3FF52E6F0 /* WrapperCellNode.swift */,
			);
			path = Nodes;
			sourceTree = "<group>";
		};
/* End PBXGroup section */

/* Begin PBXNativeTarget section */
		319D77A62DC5C14B69B1CF76 /* TexturedMaaku */ = {
			isa = PBXNativeTarget;
			buildConfigurationList = 4F0F756AF4C4779AD90779F1 /* Build configuration list for PBXNativeTarget "TexturedMaaku" */;
			buildPhases = (
				69E4019DCE3B1E8F30C05858 /* Sources */,
				9D80A0804C224671B6A32981 /* Resources */,
				C2DC3CB337A2A3F6C9C8C7BC /* Frameworks */,
				B5E830AF925C833E34F050D5 /* Embed Frameworks */,
			);
			buildRules = (
			);
			dependencies = (
			);
			name = TexturedMaaku;
			packageProductDependencies = (
			);
			productName = TexturedMaaku;
			productReference = 6686BA0D04C5E4A4A7B84006 /* TexturedMaaku.framework */;
			productType = "com.apple.product-type.framework";
		};
/* End PBXNativeTarget section */

/* Begin PBXProject section */
		DCFBBF33E3D82E25E24E4DDD /* Project object */ = {
			isa = PBXProject;
			attributes = {
				BuildIndependentTargetsInParallel = YES;
				LastUpgradeCheck = 9999;
				TargetAttributes = {
				};
			};
			buildConfigurationList = 20A9A9D7EEB9F4261839BAB4 /* Build configuration list for PBXProject "TexturedMaaku" */;
			compatibilityVersion = "Xcode 14.0";
			developmentRegion = en;
			hasScannedForEncodings = 0;
			knownRegions = (
				Base,
				en,
			);
			mainGroup = 80FB666B406B1A2970625D9A;
			productRefGroup = A63A879433AA8F377B2B405F /* Products */;
			projectDirPath = "";
			projectRoot = "";
			targets = (
				319D77A62DC5C14B69B1CF76 /* TexturedMaaku */,
			);
		};
/* End PBXProject section */

/* Begin PBXResourcesBuildPhase section */
		9D80A0804C224671B6A32981 /* Resources */ = {
			isa = PBXResourcesBuildPhase;
			buildActionMask = 2147483647;
			files = (
			);
			runOnlyForDeploymentPostprocessing = 0;
		};
/* End PBXResourcesBuildPhase section */

/* Begin PBXSourcesBuildPhase section */
		69E4019DCE3B1E8F30C05858 /* Sources */ = {
			isa = PBXSourcesBuildPhase;
			buildActionMask = 2147483647;
			files = (
				9343759FED8CFD7B64FD2644 /* DocumentStyle.swift in Sources */,
				325869ADCC9CA04656D79A15 /* Block+TexturedMaaku.swift in Sources */,
				70537BC4E3E6F0EC8D85FEED /* Collection+TexturedMaaku.swift in Sources */,
				C564D7CAC40BB29AD349AC63 /* Heading+TexturedMaaku.swift in Sources */,
				8FCA9995A9F49D2B1EFE2E58 /* String+TexturedMaaku.swift in Sources */,
				33B4FEA0B1EB9F7C6FF4F0B1 /* TableAlignment+TexturedMaaku.swift in Sources */,
				D4350E845F45B2B1D5D3A44E /* Linkable.swift in Sources */,
				36170FB794EC3748CC3B80F9 /* NodePlugin.swift in Sources */,
				AEA3B8B4CCBC6956ECE218F6 /* BlockQuoteNode.swift in Sources */,
				133A646C42A920B935CB4B30 /* CircleHeaderNode.swift in Sources */,
				B40C8E5662FFF011C797274D /* CodeBlockNode.swift in Sources */,
				F19033C450210B13D938CB74 /* DocumentNode.swift in Sources */,
				135CCEA5E162F4D6BA7E250C /* FootnoteDefinitionNode.swift in Sources */,
				EF76A704478D132D7CA25E61 /* HeadingNode.swift in Sources */,
				AA8BB93F7DD500B3EF3F958E /* HorizontalRuleNode.swift in Sources */,
				10498BCD9B232D6BB2DD399E /* ListItemNode.swift in Sources */,
				0CD6673C492E55EE4FAE726E /* ListNode.swift in Sources */,
				C9E6C86067DAD6D32199199E /* ParagraphNode.swift in Sources */,
				115B0E705251F556B99E6AF0 /* TableCellNode.swift in Sources */,
				78FEC16625BFF9BA404EE73F /* TableNode.swift in Sources */,
				0CDC33E2B39B9C541B27AF00 /* TableRowNode.swift in Sources */,
				265A1C8491474D17CA255CB9 /* WrapperCellNode.swift in Sources */,
				779BCE83621219F35B4A2594 /* DocumentViewController.swift in Sources */,
			);
			runOnlyForDeploymentPostprocessing = 0;
		};
/* End PBXSourcesBuildPhase section */

/* Begin XCBuildConfiguration section */
		3120FA939370F9F449C00402 /* Release */ = {
			isa = XCBuildConfiguration;
			buildSettings = {
				CODE_SIGN_IDENTITY = "";
				CURRENT_PROJECT_VERSION = 1;
				DEFINES_MODULE = YES;
				DERIVE_MACCATALYST_PRODUCT_BUNDLE_IDENTIFIER = YES;
				DYLIB_COMPATIBILITY_VERSION = 1;
				DYLIB_CURRENT_VERSION = 1;
				DYLIB_INSTALL_NAME_BASE = "@rpath";
				HEADER_SEARCH_PATHS = (
					"$(inherited)",
					"$(inherited)",
					"$(SRCROOT)/../../iOSProjects/VoiceGo/Tuist/.build/checkouts/Texture/Source",
					"$(SRCROOT)/../../iOSProjects/VoiceGo/Tuist/.build/checkouts/Texture/Source/Base",
					"$(SRCROOT)/../../iOSProjects/VoiceGo/Tuist/.build/checkouts/Texture/Source/Debug",
					"$(SRCROOT)/../../iOSProjects/VoiceGo/Tuist/.build/checkouts/Texture/Source/Details",
					"$(SRCROOT)/../../iOSProjects/VoiceGo/Tuist/.build/checkouts/Texture/Source/Details/Transactions",
					"$(SRCROOT)/../../iOSProjects/VoiceGo/Tuist/.build/checkouts/Texture/Source/Layout",
					"$(SRCROOT)/../../iOSProjects/VoiceGo/Tuist/.build/checkouts/Texture/Source/Private",
					"$(SRCROOT)/../../iOSProjects/VoiceGo/Tuist/.build/checkouts/Texture/Source/Private/Layout",
					"$(SRCROOT)/../../iOSProjects/VoiceGo/Tuist/.build/checkouts/Texture/Source/TextExperiment/Component",
					"$(SRCROOT)/../../iOSProjects/VoiceGo/Tuist/.build/checkouts/Texture/Source/TextExperiment/String",
					"$(SRCROOT)/../../iOSProjects/VoiceGo/Tuist/.build/checkouts/Texture/Source/TextExperiment/Utility",
					"$(SRCROOT)/../../iOSProjects/VoiceGo/Tuist/.build/checkouts/Texture/Source/TextKit",
					"$(SRCROOT)/../../iOSProjects/VoiceGo/Tuist/.build/checkouts/Texture/Source/include",
					"$(SRCROOT)/../../iOSProjects/VoiceGo/Tuist/.build/checkouts/Texture/Source/tvOS",
					"$(SRCROOT)/../../iOSProjects/VoiceGo/Tuist/.build/checkouts/libcmark_gfm/Sources/libcmark_gfm/include",
				);
				INFOPLIST_FILE = "Derived/InfoPlists/TexturedMaaku-Info.plist";
				INSTALL_PATH = "$(LOCAL_LIBRARY_DIR)/Frameworks";
				IPHONEOS_DEPLOYMENT_TARGET = 13.0;
				LD_RUNPATH_SEARCH_PATHS = (
					"$(inherited)",
					"@executable_path/Frameworks",
					"@loader_path/Frameworks",
				);
				OTHER_CFLAGS = (
					"$(inherited)",
					"-fmodule-map-file=$(SRCROOT)/../../iOSProjects/VoiceGo/Tuist/.build/tuist-derived/AsyncDisplayKit/AsyncDisplayKit.modulemap",
					"-fmodule-map-file=$(SRCROOT)/../../iOSProjects/VoiceGo/Tuist/.build/tuist-derived/libcmark_gfm/libcmark_gfm.modulemap",
				);
				OTHER_SWIFT_FLAGS = (
					"$(inherited)",
					"-Xcc",
					"-fmodule-map-file=$(SRCROOT)/../../iOSProjects/VoiceGo/Tuist/.build/tuist-derived/AsyncDisplayKit/AsyncDisplayKit.modulemap",
					"-Xcc",
					"-fmodule-map-file=$(SRCROOT)/../../iOSProjects/VoiceGo/Tuist/.build/tuist-derived/libcmark_gfm/libcmark_gfm.modulemap",
				);
				PRODUCT_BUNDLE_IDENTIFIER = TexturedMaaku;
				PRODUCT_NAME = TexturedMaaku;
				SDKROOT = iphoneos;
				SKIP_INSTALL = YES;
				SUPPORTS_MACCATALYST = YES;
				SUPPORTS_MAC_DESIGNED_FOR_IPHONE_IPAD = YES;
				SUPPORTS_XR_DESIGNED_FOR_IPHONE_IPAD = YES;
				SWIFT_COMPILATION_MODE = wholemodule;
				SWIFT_OPTIMIZATION_LEVEL = "-Owholemodule";
				TARGETED_DEVICE_FAMILY = "1,2";
				VERSIONING_SYSTEM = "apple-generic";
				VERSION_INFO_PREFIX = "";
			};
			name = Release;
		};
		9C9A28D6D950EA60B8D22DE6 /* Debug */ = {
			isa = XCBuildConfiguration;
			buildSettings = {
				CODE_SIGN_IDENTITY = "";
				CURRENT_PROJECT_VERSION = 1;
				DEFINES_MODULE = YES;
				DERIVE_MACCATALYST_PRODUCT_BUNDLE_IDENTIFIER = YES;
				DYLIB_COMPATIBILITY_VERSION = 1;
				DYLIB_CURRENT_VERSION = 1;
				DYLIB_INSTALL_NAME_BASE = "@rpath";
				HEADER_SEARCH_PATHS = (
					"$(inherited)",
					"$(inherited)",
					"$(SRCROOT)/../../iOSProjects/VoiceGo/Tuist/.build/checkouts/Texture/Source",
					"$(SRCROOT)/../../iOSProjects/VoiceGo/Tuist/.build/checkouts/Texture/Source/Base",
					"$(SRCROOT)/../../iOSProjects/VoiceGo/Tuist/.build/checkouts/Texture/Source/Debug",
					"$(SRCROOT)/../../iOSProjects/VoiceGo/Tuist/.build/checkouts/Texture/Source/Details",
					"$(SRCROOT)/../../iOSProjects/VoiceGo/Tuist/.build/checkouts/Texture/Source/Details/Transactions",
					"$(SRCROOT)/../../iOSProjects/VoiceGo/Tuist/.build/checkouts/Texture/Source/Layout",
					"$(SRCROOT)/../../iOSProjects/VoiceGo/Tuist/.build/checkouts/Texture/Source/Private",
					"$(SRCROOT)/../../iOSProjects/VoiceGo/Tuist/.build/checkouts/Texture/Source/Private/Layout",
					"$(SRCROOT)/../../iOSProjects/VoiceGo/Tuist/.build/checkouts/Texture/Source/TextExperiment/Component",
					"$(SRCROOT)/../../iOSProjects/VoiceGo/Tuist/.build/checkouts/Texture/Source/TextExperiment/String",
					"$(SRCROOT)/../../iOSProjects/VoiceGo/Tuist/.build/checkouts/Texture/Source/TextExperiment/Utility",
					"$(SRCROOT)/../../iOSProjects/VoiceGo/Tuist/.build/checkouts/Texture/Source/TextKit",
					"$(SRCROOT)/../../iOSProjects/VoiceGo/Tuist/.build/checkouts/Texture/Source/include",
					"$(SRCROOT)/../../iOSProjects/VoiceGo/Tuist/.build/checkouts/Texture/Source/tvOS",
					"$(SRCROOT)/../../iOSProjects/VoiceGo/Tuist/.build/checkouts/libcmark_gfm/Sources/libcmark_gfm/include",
				);
				INFOPLIST_FILE = "Derived/InfoPlists/TexturedMaaku-Info.plist";
				INSTALL_PATH = "$(LOCAL_LIBRARY_DIR)/Frameworks";
				IPHONEOS_DEPLOYMENT_TARGET = 13.0;
				LD_RUNPATH_SEARCH_PATHS = (
					"$(inherited)",
					"@executable_path/Frameworks",
					"@loader_path/Frameworks",
				);
				OTHER_CFLAGS = (
					"$(inherited)",
					"-fmodule-map-file=$(SRCROOT)/../../iOSProjects/VoiceGo/Tuist/.build/tuist-derived/AsyncDisplayKit/AsyncDisplayKit.modulemap",
					"-fmodule-map-file=$(SRCROOT)/../../iOSProjects/VoiceGo/Tuist/.build/tuist-derived/libcmark_gfm/libcmark_gfm.modulemap",
				);
				OTHER_SWIFT_FLAGS = (
					"$(inherited)",
					"-Xcc",
					"-fmodule-map-file=$(SRCROOT)/../../iOSProjects/VoiceGo/Tuist/.build/tuist-derived/AsyncDisplayKit/AsyncDisplayKit.modulemap",
					"-Xcc",
					"-fmodule-map-file=$(SRCROOT)/../../iOSProjects/VoiceGo/Tuist/.build/tuist-derived/libcmark_gfm/libcmark_gfm.modulemap",
				);
				PRODUCT_BUNDLE_IDENTIFIER = TexturedMaaku;
				PRODUCT_NAME = TexturedMaaku;
				SDKROOT = iphoneos;
				SKIP_INSTALL = YES;
				SUPPORTS_MACCATALYST = YES;
				SUPPORTS_MAC_DESIGNED_FOR_IPHONE_IPAD = YES;
				SUPPORTS_XR_DESIGNED_FOR_IPHONE_IPAD = YES;
				SWIFT_ACTIVE_COMPILATION_CONDITIONS = (
					"$(inherited)",
					DEBUG,
				);
				SWIFT_COMPILATION_MODE = singlefile;
				SWIFT_OPTIMIZATION_LEVEL = "-Onone";
				TARGETED_DEVICE_FAMILY = "1,2";
				VERSIONING_SYSTEM = "apple-generic";
				VERSION_INFO_PREFIX = "";
			};
			name = Debug;
		};
		E691EB0CE9264BF5B6FA3A67 /* Debug */ = {
			isa = XCBuildConfiguration;
			buildSettings = {
				ALWAYS_SEARCH_USER_PATHS = YES;
				CLANG_ANALYZER_LOCALIZABILITY_NONLOCALIZED = YES;
				CLANG_ANALYZER_NONNULL = YES;
				CLANG_ANALYZER_NUMBER_OBJECT_CONVERSION = YES_AGGRESSIVE;
				CLANG_CXX_LANGUAGE_STANDARD = "gnu++14";
				CLANG_CXX_LIBRARY = "libc++";
				CLANG_ENABLE_MODULES = YES;
				CLANG_ENABLE_OBJC_ARC = YES;
				CLANG_ENABLE_OBJC_WEAK = NO;
				CLANG_WARN_BLOCK_CAPTURE_AUTORELEASING = YES;
				CLANG_WARN_BOOL_CONVERSION = YES;
				CLANG_WARN_COMMA = YES;
				CLANG_WARN_CONSTANT_CONVERSION = YES;
				CLANG_WARN_DEPRECATED_OBJC_IMPLEMENTATIONS = YES;
				CLANG_WARN_DIRECT_OBJC_ISA_USAGE = YES_ERROR;
				CLANG_WARN_DOCUMENTATION_COMMENTS = YES;
				CLANG_WARN_EMPTY_BODY = YES;
				CLANG_WARN_ENUM_CONVERSION = YES;
				CLANG_WARN_INFINITE_RECURSION = YES;
				CLANG_WARN_INT_CONVERSION = YES;
				CLANG_WARN_NON_LITERAL_NULL_CONVERSION = YES;
				CLANG_WARN_OBJC_IMPLICIT_RETAIN_SELF = YES;
				CLANG_WARN_OBJC_LITERAL_CONVERSION = YES;
				CLANG_WARN_OBJC_ROOT_CLASS = YES_ERROR;
				CLANG_WARN_QUOTED_INCLUDE_IN_FRAMEWORK_HEADER = NO;
				CLANG_WARN_RANGE_LOOP_ANALYSIS = YES;
				CLANG_WARN_STRICT_PROTOTYPES = YES;
				CLANG_WARN_SUSPICIOUS_MOVE = YES;
				CLANG_WARN_UNGUARDED_AVAILABILITY = YES_AGGRESSIVE;
				CLANG_WARN_UNREACHABLE_CODE = YES;
				CLANG_WARN__DUPLICATE_METHOD_MATCH = YES;
				COPY_PHASE_STRIP = NO;
				DEAD_CODE_STRIPPING = YES;
				DEBUG_INFORMATION_FORMAT = dwarf;
				ENABLE_STRICT_OBJC_MSGSEND = NO;
				ENABLE_TESTABILITY = YES;
				FRAMEWORK_SEARCH_PATHS = (
					"$(inherited)",
					"$(PLATFORM_DIR)/Developer/Library/Frameworks",
				);
				GCC_C_LANGUAGE_STANDARD = gnu11;
				GCC_DYNAMIC_NO_PIC = NO;
				GCC_NO_COMMON_BLOCKS = NO;
				GCC_OPTIMIZATION_LEVEL = 0;
				GCC_PREPROCESSOR_DEFINITIONS = (
					"$(inherited)",
					"DEBUG=1",
					"SWIFT_PACKAGE=1",
				);
				GCC_WARN_64_TO_32_BIT_CONVERSION = YES;
				GCC_WARN_ABOUT_RETURN_TYPE = YES_ERROR;
				GCC_WARN_INHIBIT_ALL_WARNINGS = YES;
				GCC_WARN_UNDECLARED_SELECTOR = YES;
				GCC_WARN_UNINITIALIZED_AUTOS = YES_AGGRESSIVE;
				GCC_WARN_UNUSED_FUNCTION = YES;
				GCC_WARN_UNUSED_VARIABLE = YES;
				MTL_ENABLE_DEBUG_INFO = YES;
				ONLY_ACTIVE_ARCH = YES;
				PRODUCT_NAME = "$(TARGET_NAME)";
				SWIFT_ACTIVE_COMPILATION_CONDITIONS = (
					"$(inherited)",
					SWIFT_PACKAGE,
				);
				SWIFT_SUPPRESS_WARNINGS = YES;
				SWIFT_VERSION = 5.0.0;
				USE_HEADERMAP = NO;
			};
			name = Debug;
		};
		E8A20D7B2B8A2D6E94643A0A /* Release */ = {
			isa = XCBuildConfiguration;
			buildSettings = {
				ALWAYS_SEARCH_USER_PATHS = YES;
				CLANG_ANALYZER_LOCALIZABILITY_NONLOCALIZED = YES;
				CLANG_ANALYZER_NONNULL = YES;
				CLANG_ANALYZER_NUMBER_OBJECT_CONVERSION = YES_AGGRESSIVE;
				CLANG_CXX_LANGUAGE_STANDARD = "gnu++14";
				CLANG_CXX_LIBRARY = "libc++";
				CLANG_ENABLE_MODULES = YES;
				CLANG_ENABLE_OBJC_ARC = YES;
				CLANG_ENABLE_OBJC_WEAK = NO;
				CLANG_WARN_BLOCK_CAPTURE_AUTORELEASING = YES;
				CLANG_WARN_BOOL_CONVERSION = YES;
				CLANG_WARN_COMMA = YES;
				CLANG_WARN_CONSTANT_CONVERSION = YES;
				CLANG_WARN_DEPRECATED_OBJC_IMPLEMENTATIONS = YES;
				CLANG_WARN_DIRECT_OBJC_ISA_USAGE = YES_ERROR;
				CLANG_WARN_DOCUMENTATION_COMMENTS = YES;
				CLANG_WARN_EMPTY_BODY = YES;
				CLANG_WARN_ENUM_CONVERSION = YES;
				CLANG_WARN_INFINITE_RECURSION = YES;
				CLANG_WARN_INT_CONVERSION = YES;
				CLANG_WARN_NON_LITERAL_NULL_CONVERSION = YES;
				CLANG_WARN_OBJC_IMPLICIT_RETAIN_SELF = YES;
				CLANG_WARN_OBJC_LITERAL_CONVERSION = YES;
				CLANG_WARN_OBJC_ROOT_CLASS = YES_ERROR;
				CLANG_WARN_QUOTED_INCLUDE_IN_FRAMEWORK_HEADER = NO;
				CLANG_WARN_RANGE_LOOP_ANALYSIS = YES;
				CLANG_WARN_STRICT_PROTOTYPES = YES;
				CLANG_WARN_SUSPICIOUS_MOVE = YES;
				CLANG_WARN_UNGUARDED_AVAILABILITY = YES_AGGRESSIVE;
				CLANG_WARN_UNREACHABLE_CODE = YES;
				CLANG_WARN__DUPLICATE_METHOD_MATCH = YES;
				COPY_PHASE_STRIP = NO;
				DEAD_CODE_STRIPPING = YES;
				DEBUG_INFORMATION_FORMAT = "dwarf-with-dsym";
				ENABLE_NS_ASSERTIONS = NO;
				ENABLE_STRICT_OBJC_MSGSEND = NO;
				FRAMEWORK_SEARCH_PATHS = (
					"$(inherited)",
					"$(PLATFORM_DIR)/Developer/Library/Frameworks",
				);
				GCC_C_LANGUAGE_STANDARD = gnu11;
				GCC_NO_COMMON_BLOCKS = NO;
				GCC_PREPROCESSOR_DEFINITIONS = (
					"$(inherited)",
					"SWIFT_PACKAGE=1",
				);
				GCC_WARN_64_TO_32_BIT_CONVERSION = YES;
				GCC_WARN_ABOUT_RETURN_TYPE = YES_ERROR;
				GCC_WARN_INHIBIT_ALL_WARNINGS = YES;
				GCC_WARN_UNDECLARED_SELECTOR = YES;
				GCC_WARN_UNINITIALIZED_AUTOS = YES_AGGRESSIVE;
				GCC_WARN_UNUSED_FUNCTION = YES;
				GCC_WARN_UNUSED_VARIABLE = YES;
				MTL_ENABLE_DEBUG_INFO = NO;
				PRODUCT_NAME = "$(TARGET_NAME)";
				SWIFT_ACTIVE_COMPILATION_CONDITIONS = (
					"$(inherited)",
					SWIFT_PACKAGE,
				);
				SWIFT_SUPPRESS_WARNINGS = YES;
				SWIFT_VERSION = 5.0.0;
				USE_HEADERMAP = NO;
				VALIDATE_PRODUCT = YES;
			};
			name = Release;
		};
/* End XCBuildConfiguration section */

/* Begin XCConfigurationList section */
		20A9A9D7EEB9F4261839BAB4 /* Build configuration list for PBXProject "TexturedMaaku" */ = {
			isa = XCConfigurationList;
			buildConfigurations = (
				E691EB0CE9264BF5B6FA3A67 /* Debug */,
				E8A20D7B2B8A2D6E94643A0A /* Release */,
			);
			defaultConfigurationIsVisible = 0;
			defaultConfigurationName = Release;
		};
		4F0F756AF4C4779AD90779F1 /* Build configuration list for PBXNativeTarget "TexturedMaaku" */ = {
			isa = XCConfigurationList;
			buildConfigurations = (
				9C9A28D6D950EA60B8D22DE6 /* Debug */,
				3120FA939370F9F449C00402 /* Release */,
			);
			defaultConfigurationIsVisible = 0;
			defaultConfigurationName = Release;
		};
/* End XCConfigurationList section */
	};
	rootObject = DCFBBF33E3D82E25E24E4DDD /* Project object */;
}
